// !$*UTF8*$!
{
	archiveVersion = 1;
	classes = {
	};
	objectVersion = 50;
	objects = {

/* Begin PBXBuildFile section */
		DC58B09826FE34500050E572 /* FructusApp.swift in Sources */ = {isa = PBXBuildFile; fileRef = DC58B09726FE34500050E572 /* FructusApp.swift */; };
		DC58B09A26FE34500050E572 /* FruitsListView.swift in Sources */ = {isa = PBXBuildFile; fileRef = DC58B09926FE34500050E572 /* FruitsListView.swift */; };
		DC58B09C26FE34510050E572 /* Assets.xcassets in Resources */ = {isa = PBXBuildFile; fileRef = DC58B09B26FE34510050E572 /* Assets.xcassets */; };
		DC58B09F26FE34510050E572 /* Preview Assets.xcassets in Resources */ = {isa = PBXBuildFile; fileRef = DC58B09E26FE34510050E572 /* Preview Assets.xcassets */; };
		DCB5E6132711CBF900A0ABCD /* SettingsView.swift in Sources */ = {isa = PBXBuildFile; fileRef = DCB5E6122711CBF900A0ABCD /* SettingsView.swift */; };
		DCB5E6152711D83300A0ABCD /* SettingsLabelView.swift in Sources */ = {isa = PBXBuildFile; fileRef = DCB5E6142711D83300A0ABCD /* SettingsLabelView.swift */; };
		DCB5E6172711DBBA00A0ABCD /* SettingsRowView.swift in Sources */ = {isa = PBXBuildFile; fileRef = DCB5E6162711DBBA00A0ABCD /* SettingsRowView.swift */; };
		DCB5E61927120FCA00A0ABCD /* NextButtonView.swift in Sources */ = {isa = PBXBuildFile; fileRef = DCB5E61827120FCA00A0ABCD /* NextButtonView.swift */; };
		DCB5E61B271210D400A0ABCD /* PreviousButtonView.swift in Sources */ = {isa = PBXBuildFile; fileRef = DCB5E61A271210D400A0ABCD /* PreviousButtonView.swift */; };
		DCCD02FB27076345005F5D8E /* FruitCardView.swift in Sources */ = {isa = PBXBuildFile; fileRef = DCCD02FA27076345005F5D8E /* FruitCardView.swift */; };
		DCCD02FD27076906005F5D8E /* StartButtonView.swift in Sources */ = {isa = PBXBuildFile; fileRef = DCCD02FC27076906005F5D8E /* StartButtonView.swift */; };
		DCCD02FF27076FAB005F5D8E /* OnBoardingView.swift in Sources */ = {isa = PBXBuildFile; fileRef = DCCD02FE27076FAB005F5D8E /* OnBoardingView.swift */; };
		DCCD030227077C3A005F5D8E /* FruitModel.swift in Sources */ = {isa = PBXBuildFile; fileRef = DCCD030127077C3A005F5D8E /* FruitModel.swift */; };
		DCCD030527077D3A005F5D8E /* FruitData.swift in Sources */ = {isa = PBXBuildFile; fileRef = DCCD030427077D3A005F5D8E /* FruitData.swift */; };
		DCD254EE2710B74F002EF05A /* FruitRowView.swift in Sources */ = {isa = PBXBuildFile; fileRef = DCD254ED2710B74F002EF05A /* FruitRowView.swift */; };
		DCD254F02710C762002EF05A /* FruitDetailsView.swift in Sources */ = {isa = PBXBuildFile; fileRef = DCD254EF2710C762002EF05A /* FruitDetailsView.swift */; };
		DCD254F22710CC79002EF05A /* FruitHeaderView.swift in Sources */ = {isa = PBXBuildFile; fileRef = DCD254F12710CC79002EF05A /* FruitHeaderView.swift */; };
		DCD254F42710CF19002EF05A /* SourceLinkView.swift in Sources */ = {isa = PBXBuildFile; fileRef = DCD254F32710CF19002EF05A /* SourceLinkView.swift */; };
		DCD254F62710D1D3002EF05A /* FruitNutrientsView.swift in Sources */ = {isa = PBXBuildFile; fileRef = DCD254F52710D1D3002EF05A /* FruitNutrientsView.swift */; };
/* End PBXBuildFile section */

/* Begin PBXFileReference section */
		DC58B09426FE34500050E572 /* Fructus.app */ = {isa = PBXFileReference; explicitFileType = wrapper.application; includeInIndex = 0; path = Fructus.app; sourceTree = BUILT_PRODUCTS_DIR; };
		DC58B09726FE34500050E572 /* FructusApp.swift */ = {isa = PBXFileReference; lastKnownFileType = sourcecode.swift; path = FructusApp.swift; sourceTree = "<group>"; };
		DC58B09926FE34500050E572 /* FruitsListView.swift */ = {isa = PBXFileReference; lastKnownFileType = sourcecode.swift; path = FruitsListView.swift; sourceTree = "<group>"; };
		DC58B09B26FE34510050E572 /* Assets.xcassets */ = {isa = PBXFileReference; lastKnownFileType = folder.assetcatalog; path = Assets.xcassets; sourceTree = "<group>"; };
		DC58B09E26FE34510050E572 /* Preview Assets.xcassets */ = {isa = PBXFileReference; lastKnownFileType = folder.assetcatalog; path = "Preview Assets.xcassets"; sourceTree = "<group>"; };
		DC58B0A026FE34510050E572 /* Info.plist */ = {isa = PBXFileReference; lastKnownFileType = text.plist.xml; path = Info.plist; sourceTree = "<group>"; };
		DCB5E6122711CBF900A0ABCD /* SettingsView.swift */ = {isa = PBXFileReference; lastKnownFileType = sourcecode.swift; path = SettingsView.swift; sourceTree = "<group>"; };
		DCB5E6142711D83300A0ABCD /* SettingsLabelView.swift */ = {isa = PBXFileReference; lastKnownFileType = sourcecode.swift; path = SettingsLabelView.swift; sourceTree = "<group>"; };
		DCB5E6162711DBBA00A0ABCD /* SettingsRowView.swift */ = {isa = PBXFileReference; lastKnownFileType = sourcecode.swift; path = SettingsRowView.swift; sourceTree = "<group>"; };
		DCB5E61827120FCA00A0ABCD /* NextButtonView.swift */ = {isa = PBXFileReference; lastKnownFileType = sourcecode.swift; path = NextButtonView.swift; sourceTree = "<group>"; };
		DCB5E61A271210D400A0ABCD /* PreviousButtonView.swift */ = {isa = PBXFileReference; lastKnownFileType = sourcecode.swift; path = PreviousButtonView.swift; sourceTree = "<group>"; };
		DCCD02FA27076345005F5D8E /* FruitCardView.swift */ = {isa = PBXFileReference; lastKnownFileType = sourcecode.swift; path = FruitCardView.swift; sourceTree = "<group>"; };
		DCCD02FC27076906005F5D8E /* StartButtonView.swift */ = {isa = PBXFileReference; lastKnownFileType = sourcecode.swift; path = StartButtonView.swift; sourceTree = "<group>"; };
		DCCD02FE27076FAB005F5D8E /* OnBoardingView.swift */ = {isa = PBXFileReference; lastKnownFileType = sourcecode.swift; path = OnBoardingView.swift; sourceTree = "<group>"; };
		DCCD030127077C3A005F5D8E /* FruitModel.swift */ = {isa = PBXFileReference; lastKnownFileType = sourcecode.swift; path = FruitModel.swift; sourceTree = "<group>"; };
		DCCD030427077D3A005F5D8E /* FruitData.swift */ = {isa = PBXFileReference; lastKnownFileType = sourcecode.swift; path = FruitData.swift; sourceTree = "<group>"; };
		DCD254ED2710B74F002EF05A /* FruitRowView.swift */ = {isa = PBXFileReference; lastKnownFileType = sourcecode.swift; path = FruitRowView.swift; sourceTree = "<group>"; };
		DCD254EF2710C762002EF05A /* FruitDetailsView.swift */ = {isa = PBXFileReference; lastKnownFileType = sourcecode.swift; path = FruitDetailsView.swift; sourceTree = "<group>"; };
		DCD254F12710CC79002EF05A /* FruitHeaderView.swift */ = {isa = PBXFileReference; lastKnownFileType = sourcecode.swift; path = FruitHeaderView.swift; sourceTree = "<group>"; };
		DCD254F32710CF19002EF05A /* SourceLinkView.swift */ = {isa = PBXFileReference; lastKnownFileType = sourcecode.swift; path = SourceLinkView.swift; sourceTree = "<group>"; };
		DCD254F52710D1D3002EF05A /* FruitNutrientsView.swift */ = {isa = PBXFileReference; lastKnownFileType = sourcecode.swift; path = FruitNutrientsView.swift; sourceTree = "<group>"; };
/* End PBXFileReference section */

/* Begin PBXFrameworksBuildPhase section */
		DC58B09126FE34500050E572 /* Frameworks */ = {
			isa = PBXFrameworksBuildPhase;
			buildActionMask = 2147483647;
			files = (
			);
			runOnlyForDeploymentPostprocessing = 0;
		};
/* End PBXFrameworksBuildPhase section */

/* Begin PBXGroup section */
		DC58B08B26FE34500050E572 = {
			isa = PBXGroup;
			children = (
				DC58B09626FE34500050E572 /* Fructus */,
				DC58B09526FE34500050E572 /* Products */,
			);
			sourceTree = "<group>";
		};
		DC58B09526FE34500050E572 /* Products */ = {
			isa = PBXGroup;
			children = (
				DC58B09426FE34500050E572 /* Fructus.app */,
			);
			name = Products;
			sourceTree = "<group>";
		};
		DC58B09626FE34500050E572 /* Fructus */ = {
			isa = PBXGroup;
			children = (
				DCCD030327077D27005F5D8E /* Data */,
				DCCD030027077C28005F5D8E /* Model */,
				DCCD02F92707630A005F5D8E /* View */,
				DCCD02F8270762E3005F5D8E /* App */,
				DC58B09B26FE34510050E572 /* Assets.xcassets */,
				DC58B0A026FE34510050E572 /* Info.plist */,
				DC58B09D26FE34510050E572 /* Preview Content */,
			);
			path = Fructus;
			sourceTree = "<group>";
		};
		DC58B09D26FE34510050E572 /* Preview Content */ = {
			isa = PBXGroup;
			children = (
				DC58B09E26FE34510050E572 /* Preview Assets.xcassets */,
			);
			path = "Preview Content";
			sourceTree = "<group>";
		};
		DCCD02F8270762E3005F5D8E /* App */ = {
			isa = PBXGroup;
			children = (
				DC58B09726FE34500050E572 /* FructusApp.swift */,
				DCCD02FE27076FAB005F5D8E /* OnBoardingView.swift */,
				DC58B09926FE34500050E572 /* FruitsListView.swift */,
				DCD254EF2710C762002EF05A /* FruitDetailsView.swift */,
				DCB5E6122711CBF900A0ABCD /* SettingsView.swift */,
			);
			path = App;
			sourceTree = "<group>";
		};
		DCCD02F92707630A005F5D8E /* View */ = {
			isa = PBXGroup;
			children = (
				DCCD02FA27076345005F5D8E /* FruitCardView.swift */,
				DCB5E61827120FCA00A0ABCD /* NextButtonView.swift */,
				DCB5E61A271210D400A0ABCD /* PreviousButtonView.swift */,
				DCCD02FC27076906005F5D8E /* StartButtonView.swift */,
				DCD254ED2710B74F002EF05A /* FruitRowView.swift */,
				DCD254F12710CC79002EF05A /* FruitHeaderView.swift */,
				DCD254F32710CF19002EF05A /* SourceLinkView.swift */,
				DCD254F52710D1D3002EF05A /* FruitNutrientsView.swift */,
				DCB5E6142711D83300A0ABCD /* SettingsLabelView.swift */,
				DCB5E6162711DBBA00A0ABCD /* SettingsRowView.swift */,
			);
			path = View;
			sourceTree = "<group>";
		};
		DCCD030027077C28005F5D8E /* Model */ = {
			isa = PBXGroup;
			children = (
				DCCD030127077C3A005F5D8E /* FruitModel.swift */,
			);
			path = Model;
			sourceTree = "<group>";
		};
		DCCD030327077D27005F5D8E /* Data */ = {
			isa = PBXGroup;
			children = (
				DCCD030427077D3A005F5D8E /* FruitData.swift */,
			);
			path = Data;
			sourceTree = "<group>";
		};
/* End PBXGroup section */

/* Begin PBXNativeTarget section */
		DC58B09326FE34500050E572 /* Fructus */ = {
			isa = PBXNativeTarget;
			buildConfigurationList = DC58B0A326FE34510050E572 /* Build configuration list for PBXNativeTarget "Fructus" */;
			buildPhases = (
				DC58B09026FE34500050E572 /* Sources */,
				DC58B09126FE34500050E572 /* Frameworks */,
				DC58B09226FE34500050E572 /* Resources */,
			);
			buildRules = (
			);
			dependencies = (
			);
			name = Fructus;
			productName = Fructus;
			productReference = DC58B09426FE34500050E572 /* Fructus.app */;
			productType = "com.apple.product-type.application";
		};
/* End PBXNativeTarget section */

/* Begin PBXProject section */
		DC58B08C26FE34500050E572 /* Project object */ = {
			isa = PBXProject;
			attributes = {
				LastSwiftUpdateCheck = 1250;
				LastUpgradeCheck = 1250;
				TargetAttributes = {
					DC58B09326FE34500050E572 = {
						CreatedOnToolsVersion = 12.5.1;
					};
				};
			};
			buildConfigurationList = DC58B08F26FE34500050E572 /* Build configuration list for PBXProject "Fructus" */;
			compatibilityVersion = "Xcode 9.3";
			developmentRegion = en;
			hasScannedForEncodings = 0;
			knownRegions = (
				en,
				Base,
			);
			mainGroup = DC58B08B26FE34500050E572;
			productRefGroup = DC58B09526FE34500050E572 /* Products */;
			projectDirPath = "";
			projectRoot = "";
			targets = (
				DC58B09326FE34500050E572 /* Fructus */,
			);
		};
/* End PBXProject section */

/* Begin PBXResourcesBuildPhase section */
		DC58B09226FE34500050E572 /* Resources */ = {
			isa = PBXResourcesBuildPhase;
			buildActionMask = 2147483647;
			files = (
				DC58B09F26FE34510050E572 /* Preview Assets.xcassets in Resources */,
				DC58B09C26FE34510050E572 /* Assets.xcassets in Resources */,
			);
			runOnlyForDeploymentPostprocessing = 0;
		};
/* End PBXResourcesBuildPhase section */

/* Begin PBXSourcesBuildPhase section */
		DC58B09026FE34500050E572 /* Sources */ = {
			isa = PBXSourcesBuildPhase;
			buildActionMask = 2147483647;
			files = (
				DCCD030527077D3A005F5D8E /* FruitData.swift in Sources */,
				DCB5E61B271210D400A0ABCD /* PreviousButtonView.swift in Sources */,
				DCD254F42710CF19002EF05A /* SourceLinkView.swift in Sources */,
				DCB5E6172711DBBA00A0ABCD /* SettingsRowView.swift in Sources */,
				DCCD02FB27076345005F5D8E /* FruitCardView.swift in Sources */,
				DCD254EE2710B74F002EF05A /* FruitRowView.swift in Sources */,
				DCB5E61927120FCA00A0ABCD /* NextButtonView.swift in Sources */,
				DCD254F62710D1D3002EF05A /* FruitNutrientsView.swift in Sources */,
				DCCD02FD27076906005F5D8E /* StartButtonView.swift in Sources */,
				DCD254F02710C762002EF05A /* FruitDetailsView.swift in Sources */,
				DC58B09A26FE34500050E572 /* FruitsListView.swift in Sources */,
				DCD254F22710CC79002EF05A /* FruitHeaderView.swift in Sources */,
				DCCD02FF27076FAB005F5D8E /* OnBoardingView.swift in Sources */,
				DCB5E6152711D83300A0ABCD /* SettingsLabelView.swift in Sources */,
				DCCD030227077C3A005F5D8E /* FruitModel.swift in Sources */,
				DC58B09826FE34500050E572 /* FructusApp.swift in Sources */,
				DCB5E6132711CBF900A0ABCD /* SettingsView.swift in Sources */,
			);
			runOnlyForDeploymentPostprocessing = 0;
		};
/* End PBXSourcesBuildPhase section */

/* Begin XCBuildConfiguration section */
		DC58B0A126FE34510050E572 /* Debug */ = {
			isa = XCBuildConfiguration;
			buildSettings = {
				ALWAYS_SEARCH_USER_PATHS = NO;
				CLANG_ANALYZER_NONNULL = YES;
				CLANG_ANALYZER_NUMBER_OBJECT_CONVERSION = YES_AGGRESSIVE;
				CLANG_CXX_LANGUAGE_STANDARD = "gnu++14";
				CLANG_CXX_LIBRARY = "libc++";
				CLANG_ENABLE_MODULES = YES;
				CLANG_ENABLE_OBJC_ARC = YES;
				CLANG_ENABLE_OBJC_WEAK = YES;
				CLANG_WARN_BLOCK_CAPTURE_AUTORELEASING = YES;
				CLANG_WARN_BOOL_CONVERSION = YES;
				CLANG_WARN_COMMA = YES;
				CLANG_WARN_CONSTANT_CONVERSION = YES;
				CLANG_WARN_DEPRECATED_OBJC_IMPLEMENTATIONS = YES;
				CLANG_WARN_DIRECT_OBJC_ISA_USAGE = YES_ERROR;
				CLANG_WARN_DOCUMENTATION_COMMENTS = YES;
				CLANG_WARN_EMPTY_BODY = YES;
				CLANG_WARN_ENUM_CONVERSION = YES;
				CLANG_WARN_INFINITE_RECURSION = YES;
				CLANG_WARN_INT_CONVERSION = YES;
				CLANG_WARN_NON_LITERAL_NULL_CONVERSION = YES;
				CLANG_WARN_OBJC_IMPLICIT_RETAIN_SELF = YES;
				CLANG_WARN_OBJC_LITERAL_CONVERSION = YES;
				CLANG_WARN_OBJC_ROOT_CLASS = YES_ERROR;
				CLANG_WARN_QUOTED_INCLUDE_IN_FRAMEWORK_HEADER = YES;
				CLANG_WARN_RANGE_LOOP_ANALYSIS = YES;
				CLANG_WARN_STRICT_PROTOTYPES = YES;
				CLANG_WARN_SUSPICIOUS_MOVE = YES;
				CLANG_WARN_UNGUARDED_AVAILABILITY = YES_AGGRESSIVE;
				CLANG_WARN_UNREACHABLE_CODE = YES;
				CLANG_WARN__DUPLICATE_METHOD_MATCH = YES;
				COPY_PHASE_STRIP = NO;
				DEBUG_INFORMATION_FORMAT = dwarf;
				ENABLE_STRICT_OBJC_MSGSEND = YES;
				ENABLE_TESTABILITY = YES;
				GCC_C_LANGUAGE_STANDARD = gnu11;
				GCC_DYNAMIC_NO_PIC = NO;
				GCC_NO_COMMON_BLOCKS = YES;
				GCC_OPTIMIZATION_LEVEL = 0;
				GCC_PREPROCESSOR_DEFINITIONS = (
					"DEBUG=1",
					"$(inherited)",
				);
				GCC_WARN_64_TO_32_BIT_CONVERSION = YES;
				GCC_WARN_ABOUT_RETURN_TYPE = YES_ERROR;
				GCC_WARN_UNDECLARED_SELECTOR = YES;
				GCC_WARN_UNINITIALIZED_AUTOS = YES_AGGRESSIVE;
				GCC_WARN_UNUSED_FUNCTION = YES;
				GCC_WARN_UNUSED_VARIABLE = YES;
				IPHONEOS_DEPLOYMENT_TARGET = 14.5;
				MTL_ENABLE_DEBUG_INFO = INCLUDE_SOURCE;
				MTL_FAST_MATH = YES;
				ONLY_ACTIVE_ARCH = YES;
				SDKROOT = iphoneos;
				SWIFT_ACTIVE_COMPILATION_CONDITIONS = DEBUG;
				SWIFT_OPTIMIZATION_LEVEL = "-Onone";
			};
			name = Debug;
		};
		DC58B0A226FE34510050E572 /* Release */ = {
			isa = XCBuildConfiguration;
			buildSettings = {
				ALWAYS_SEARCH_USER_PATHS = NO;
				CLANG_ANALYZER_NONNULL = YES;
				CLANG_ANALYZER_NUMBER_OBJECT_CONVERSION = YES_AGGRESSIVE;
				CLANG_CXX_LANGUAGE_STANDARD = "gnu++14";
				CLANG_CXX_LIBRARY = "libc++";
				CLANG_ENABLE_MODULES = YES;
				CLANG_ENABLE_OBJC_ARC = YES;
				CLANG_ENABLE_OBJC_WEAK = YES;
				CLANG_WARN_BLOCK_CAPTURE_AUTORELEASING = YES;
				CLANG_WARN_BOOL_CONVERSION = YES;
				CLANG_WARN_COMMA = YES;
				CLANG_WARN_CONSTANT_CONVERSION = YES;
				CLANG_WARN_DEPRECATED_OBJC_IMPLEMENTATIONS = YES;
				CLANG_WARN_DIRECT_OBJC_ISA_USAGE = YES_ERROR;
				CLANG_WARN_DOCUMENTATION_COMMENTS = YES;
				CLANG_WARN_EMPTY_BODY = YES;
				CLANG_WARN_ENUM_CONVERSION = YES;
				CLANG_WARN_INFINITE_RECURSION = YES;
				CLANG_WARN_INT_CONVERSION = YES;
				CLANG_WARN_NON_LITERAL_NULL_CONVERSION = YES;
				CLANG_WARN_OBJC_IMPLICIT_RETAIN_SELF = YES;
				CLANG_WARN_OBJC_LITERAL_CONVERSION = YES;
				CLANG_WARN_OBJC_ROOT_CLASS = YES_ERROR;
				CLANG_WARN_QUOTED_INCLUDE_IN_FRAMEWORK_HEADER = YES;
				CLANG_WARN_RANGE_LOOP_ANALYSIS = YES;
				CLANG_WARN_STRICT_PROTOTYPES = YES;
				CLANG_WARN_SUSPICIOUS_MOVE = YES;
				CLANG_WARN_UNGUARDED_AVAILABILITY = YES_AGGRESSIVE;
				CLANG_WARN_UNREACHABLE_CODE = YES;
				CLANG_WARN__DUPLICATE_METHOD_MATCH = YES;
				COPY_PHASE_STRIP = NO;
				DEBUG_INFORMATION_FORMAT = "dwarf-with-dsym";
				ENABLE_NS_ASSERTIONS = NO;
				ENABLE_STRICT_OBJC_MSGSEND = YES;
				GCC_C_LANGUAGE_STANDARD = gnu11;
				GCC_NO_COMMON_BLOCKS = YES;
				GCC_WARN_64_TO_32_BIT_CONVERSION = YES;
				GCC_WARN_ABOUT_RETURN_TYPE = YES_ERROR;
				GCC_WARN_UNDECLARED_SELECTOR = YES;
				GCC_WARN_UNINITIALIZED_AUTOS = YES_AGGRESSIVE;
				GCC_WARN_UNUSED_FUNCTION = YES;
				GCC_WARN_UNUSED_VARIABLE = YES;
				IPHONEOS_DEPLOYMENT_TARGET = 14.5;
				MTL_ENABLE_DEBUG_INFO = NO;
				MTL_FAST_MATH = YES;
				SDKROOT = iphoneos;
				SWIFT_COMPILATION_MODE = wholemodule;
				SWIFT_OPTIMIZATION_LEVEL = "-O";
				VALIDATE_PRODUCT = YES;
			};
			name = Release;
		};
		DC58B0A426FE34510050E572 /* Debug */ = {
			isa = XCBuildConfiguration;
			buildSettings = {
				ASSETCATALOG_COMPILER_APPICON_NAME = AppIcon;
				ASSETCATALOG_COMPILER_GLOBAL_ACCENT_COLOR_NAME = AccentColor;
				CODE_SIGN_STYLE = Automatic;
				DEVELOPMENT_ASSET_PATHS = "\"Fructus/Preview Content\"";
				DEVELOPMENT_TEAM = 4WC79U9SD8;
				ENABLE_PREVIEWS = YES;
				INFOPLIST_FILE = Fructus/Info.plist;
				IPHONEOS_DEPLOYMENT_TARGET = 14.0;
				LD_RUNPATH_SEARCH_PATHS = (
					"$(inherited)",
					"@executable_path/Frameworks",
				);
				PRODUCT_BUNDLE_IDENTIFIER = "com.ramysabry1996.iTunes-Music.Fructus";
				PRODUCT_NAME = "$(TARGET_NAME)";
				SWIFT_VERSION = 5.0;
				TARGETED_DEVICE_FAMILY = "1,2";
			};
			name = Debug;
		};
		DC58B0A526FE34510050E572 /* Release */ = {
			isa = XCBuildConfiguration;
			buildSettings = {
				ASSETCATALOG_COMPILER_APPICON_NAME = AppIcon;
				ASSETCATALOG_COMPILER_GLOBAL_ACCENT_COLOR_NAME = AccentColor;
				CODE_SIGN_STYLE = Automatic;
				DEVELOPMENT_ASSET_PATHS = "\"Fructus/Preview Content\"";
				DEVELOPMENT_TEAM = 4WC79U9SD8;
				ENABLE_PREVIEWS = YES;
				INFOPLIST_FILE = Fructus/Info.plist;
				IPHONEOS_DEPLOYMENT_TARGET = 14.0;
				LD_RUNPATH_SEARCH_PATHS = (
					"$(inherited)",
					"@executable_path/Frameworks",
				);
				PRODUCT_BUNDLE_IDENTIFIER = "com.ramysabry1996.iTunes-Music.Fructus";
				PRODUCT_NAME = "$(TARGET_NAME)";
				SWIFT_VERSION = 5.0;
				TARGETED_DEVICE_FAMILY = "1,2";
			};
			name = Release;
		};
/* End XCBuildConfiguration section */

/* Begin XCConfigurationList section */
		DC58B08F26FE34500050E572 /* Build configuration list for PBXProject "Fructus" */ = {
			isa = XCConfigurationList;
			buildConfigurations = (
				DC58B0A126FE34510050E572 /* Debug */,
				DC58B0A226FE34510050E572 /* Release */,
			);
			defaultConfigurationIsVisible = 0;
			defaultConfigurationName = Release;
		};
		DC58B0A326FE34510050E572 /* Build configuration list for PBXNativeTarget "Fructus" */ = {
			isa = XCConfigurationList;
			buildConfigurations = (
				DC58B0A426FE34510050E572 /* Debug */,
				DC58B0A526FE34510050E572 /* Release */,
			);
			defaultConfigurationIsVisible = 0;
			defaultConfigurationName = Release;
		};
/* End XCConfigurationList section */
	};
	rootObject = DC58B08C26FE34500050E572 /* Project object */;
}
